
Microsoft Visual Studio Solution File, Format Version 12.00
# Visual Studio Version 16
VisualStudioVersion = 16.0.30104.148
MinimumVisualStudioVersion = 10.0.40219.1
Project("{FAE04EC0-301F-11D3-BF4B-00C04F79EFBC}") = "GW_Dogovor", "GW_Dogovor\GW_Dogovor.csproj", "{2AE28D11-CA68-4E07-BB61-3978E3685F12}"
EndProject
Project("{FAE04EC0-301F-11D3-BF4B-00C04F79EFBC}") = "DBClass", "DBClass\DBClass.csproj", "{BD48B48A-F061-4885-9137-0D4B8430225C}"
EndProject
Project("{FAE04EC0-301F-11D3-BF4B-00C04F79EFBC}") = "DocTYPELibrary", "DocTYPELibrary\DocTYPELibrary.csproj", "{29D2130F-4CA0-4B12-B71D-8025516FE00C}"
EndProject
Project("{FAE04EC0-301F-11D3-BF4B-00C04F79EFBC}") = "NullableDateTimePicker", "NullableDateTimePicker\NullableDateTimePicker.csproj", "{69AC71AD-10C9-4D53-84D3-AF344AB2EDCC}"
EndProject
Project("{FAE04EC0-301F-11D3-BF4B-00C04F79EFBC}") = "CPlan", "CPlan\CPlan.csproj", "{0EAC70BE-B3D2-4239-A627-471BA03A1122}"
EndProject
Project("{FAE04EC0-301F-11D3-BF4B-00C04F79EFBC}") = "TreeFoldersClass", "TreeFoldersClass\TreeFoldersClass.csproj", "{B35B80B3-556F-44CE-9187-EA247EF1508F}"
EndProject
Project("{FAE04EC0-301F-11D3-BF4B-00C04F79EFBC}") = "FileAction", "FileAction\FileAction.csproj", "{85EBFD50-4585-49F5-B8FD-DD9235788D76}"
EndProject
Project("{2150E333-8FDC-42A3-9474-1A3956D46DE8}") = "Zero", "Zero", "{125F2C6F-5675-4F9C-B937-2A1E959DE63F}"
	ProjectSection(SolutionItems) = preProject
		Reference.txt = Reference.txt
	EndProjectSection
EndProject
Project("{2150E333-8FDC-42A3-9474-1A3956D46DE8}") = "AppConfigs", "AppConfigs", "{787AF1D2-24CE-45A2-9FBF-094CB7899909}"
EndProject
Project("{2150E333-8FDC-42A3-9474-1A3956D46DE8}") = "DBClass", "DBClass", "{A93E4A6D-7186-445E-A038-C9489494F5AA}"
	ProjectSection(SolutionItems) = preProject
		DBClass\app.config = DBClass\app.config
	EndProjectSection
EndProject
Project("{2150E333-8FDC-42A3-9474-1A3956D46DE8}") = "GW_Dogovor", "GW_Dogovor", "{C239FD0F-264F-4FF2-9E10-C67AB942D952}"
	ProjectSection(SolutionItems) = preProject
		GW_Dogovor\App.config = GW_Dogovor\App.config
	EndProjectSection
EndProject
Project("{FAE04EC0-301F-11D3-BF4B-00C04F79EFBC}") = "ProjectClass", "ProjectClass\ProjectClass.csproj", "{9AB45481-2BFA-4408-8BE1-068AEFFAB986}"
EndProject
Project("{FAE04EC0-301F-11D3-BF4B-00C04F79EFBC}") = "TenderClass", "TenderClass\TenderClass.csproj", "{D57E014A-08A4-4B8B-A768-E9F8932483EA}"
EndProject
Project("{FAE04EC0-301F-11D3-BF4B-00C04F79EFBC}") = "AddFilesToFolder", "AddFilesToFolder\AddFilesToFolder.csproj", "{C96EBD3E-48D3-4019-BFC9-1E53B1AA28F0}"
EndProject
Project("{FAE04EC0-301F-11D3-BF4B-00C04F79EFBC}") = "Distinary", "Distinary\Distinary.csproj", "{97113185-9850-4937-8619-F7E47323260F}"
EndProject
Project("{FAE04EC0-301F-11D3-BF4B-00C04F79EFBC}") = "FolderManager", "FolderManager\FolderManager.csproj", "{EFCE0D9B-0FAF-4CEC-B1A4-DB3F36F54733}"
EndProject
Project("{FAE04EC0-301F-11D3-BF4B-00C04F79EFBC}") = "DocumentsClass", "DocumentsClass\DocumentsClass.csproj", "{7B9C85B3-29D2-4D83-A62D-785D052C6247}"
EndProject
Project("{FAE04EC0-301F-11D3-BF4B-00C04F79EFBC}") = "DogovorClass", "DogovorClass\DogovorClass.csproj", "{8BF1D0D1-09A8-483E-889F-FCE2FC965CB1}"
EndProject
Project("{FAE04EC0-301F-11D3-BF4B-00C04F79EFBC}") = "DopSoglClass", "DopSoglClass\DopSoglClass.csproj", "{4ABA2D23-E044-4331-AB38-762A2495F3EE}"
EndProject
Project("{FAE04EC0-301F-11D3-BF4B-00C04F79EFBC}") = "ObjectClass", "ObjectClass\ObjectClass.csproj", "{D4FFF505-5D3F-4F57-8B28-1DF3746B2280}"
EndProject
Project("{FAE04EC0-301F-11D3-BF4B-00C04F79EFBC}") = "feature_сlass", "feature_сlass\feature_сlass.csproj", "{59EE863F-EEDC-4A06-BC08-729B92241C7D}"
EndProject
Project("{FAE04EC0-301F-11D3-BF4B-00C04F79EFBC}") = "PRD", "PRD\PRD.csproj", "{4E521A31-30A7-4A57-B855-E1FC6F3FEAD5}"
EndProject
Project("{FAE04EC0-301F-11D3-BF4B-00C04F79EFBC}") = "Zadania", "Zadania\Zadania.csproj", "{D26F909E-2BC4-4FCA-AB02-E078BD025D51}"
EndProject
Project("{2150E333-8FDC-42A3-9474-1A3956D46DE8}") = "Solution Items", "Solution Items", "{386D59D0-0EC8-46D2-8B8E-2394B0E6F0D1}"
	ProjectSection(SolutionItems) = preProject
		.editorconfig = .editorconfig
		ToDo.txt = ToDo.txt
	EndProjectSection
EndProject
Global
	GlobalSection(SolutionConfigurationPlatforms) = preSolution
		Debug|Any CPU = Debug|Any CPU
		Release|Any CPU = Release|Any CPU
	EndGlobalSection
	GlobalSection(ProjectConfigurationPlatforms) = postSolution
		{2AE28D11-CA68-4E07-BB61-3978E3685F12}.Debug|Any CPU.ActiveCfg = Debug|Any CPU
		{2AE28D11-CA68-4E07-BB61-3978E3685F12}.Debug|Any CPU.Build.0 = Debug|Any CPU
		{2AE28D11-CA68-4E07-BB61-3978E3685F12}.Release|Any CPU.ActiveCfg = Release|Any CPU
		{2AE28D11-CA68-4E07-BB61-3978E3685F12}.Release|Any CPU.Build.0 = Release|Any CPU
		{BD48B48A-F061-4885-9137-0D4B8430225C}.Debug|Any CPU.ActiveCfg = Debug|Any CPU
		{BD48B48A-F061-4885-9137-0D4B8430225C}.Debug|Any CPU.Build.0 = Debug|Any CPU
		{BD48B48A-F061-4885-9137-0D4B8430225C}.Release|Any CPU.ActiveCfg = Release|Any CPU
		{BD48B48A-F061-4885-9137-0D4B8430225C}.Release|Any CPU.Build.0 = Release|Any CPU
		{29D2130F-4CA0-4B12-B71D-8025516FE00C}.Debug|Any CPU.ActiveCfg = Debug|Any CPU
		{29D2130F-4CA0-4B12-B71D-8025516FE00C}.Debug|Any CPU.Build.0 = Debug|Any CPU
		{29D2130F-4CA0-4B12-B71D-8025516FE00C}.Release|Any CPU.ActiveCfg = Release|Any CPU
		{29D2130F-4CA0-4B12-B71D-8025516FE00C}.Release|Any CPU.Build.0 = Release|Any CPU
		{69AC71AD-10C9-4D53-84D3-AF344AB2EDCC}.Debug|Any CPU.ActiveCfg = Debug|Any CPU
		{69AC71AD-10C9-4D53-84D3-AF344AB2EDCC}.Debug|Any CPU.Build.0 = Debug|Any CPU
		{69AC71AD-10C9-4D53-84D3-AF344AB2EDCC}.Release|Any CPU.ActiveCfg = Release|Any CPU
		{69AC71AD-10C9-4D53-84D3-AF344AB2EDCC}.Release|Any CPU.Build.0 = Release|Any CPU
		{0EAC70BE-B3D2-4239-A627-471BA03A1122}.Debug|Any CPU.ActiveCfg = Debug|Any CPU
		{0EAC70BE-B3D2-4239-A627-471BA03A1122}.Debug|Any CPU.Build.0 = Debug|Any CPU
		{0EAC70BE-B3D2-4239-A627-471BA03A1122}.Release|Any CPU.ActiveCfg = Release|Any CPU
		{0EAC70BE-B3D2-4239-A627-471BA03A1122}.Release|Any CPU.Build.0 = Release|Any CPU
		{B35B80B3-556F-44CE-9187-EA247EF1508F}.Debug|Any CPU.ActiveCfg = Debug|Any CPU
		{B35B80B3-556F-44CE-9187-EA247EF1508F}.Debug|Any CPU.Build.0 = Debug|Any CPU
		{B35B80B3-556F-44CE-9187-EA247EF1508F}.Release|Any CPU.ActiveCfg = Release|Any CPU
		{B35B80B3-556F-44CE-9187-EA247EF1508F}.Release|Any CPU.Build.0 = Release|Any CPU
		{85EBFD50-4585-49F5-B8FD-DD9235788D76}.Debug|Any CPU.ActiveCfg = Debug|Any CPU
		{85EBFD50-4585-49F5-B8FD-DD9235788D76}.Debug|Any CPU.Build.0 = Debug|Any CPU
		{85EBFD50-4585-49F5-B8FD-DD9235788D76}.Release|Any CPU.ActiveCfg = Release|Any CPU
		{85EBFD50-4585-49F5-B8FD-DD9235788D76}.Release|Any CPU.Build.0 = Release|Any CPU
		{9AB45481-2BFA-4408-8BE1-068AEFFAB986}.Debug|Any CPU.ActiveCfg = Debug|Any CPU
		{9AB45481-2BFA-4408-8BE1-068AEFFAB986}.Debug|Any CPU.Build.0 = Debug|Any CPU
		{9AB45481-2BFA-4408-8BE1-068AEFFAB986}.Release|Any CPU.ActiveCfg = Release|Any CPU
		{9AB45481-2BFA-4408-8BE1-068AEFFAB986}.Release|Any CPU.Build.0 = Release|Any CPU
		{D57E014A-08A4-4B8B-A768-E9F8932483EA}.Debug|Any CPU.ActiveCfg = Debug|Any CPU
		{D57E014A-08A4-4B8B-A768-E9F8932483EA}.Debug|Any CPU.Build.0 = Debug|Any CPU
		{D57E014A-08A4-4B8B-A768-E9F8932483EA}.Release|Any CPU.ActiveCfg = Release|Any CPU
		{D57E014A-08A4-4B8B-A768-E9F8932483EA}.Release|Any CPU.Build.0 = Release|Any CPU
		{C96EBD3E-48D3-4019-BFC9-1E53B1AA28F0}.Debug|Any CPU.ActiveCfg = Debug|Any CPU
		{C96EBD3E-48D3-4019-BFC9-1E53B1AA28F0}.Debug|Any CPU.Build.0 = Debug|Any CPU
		{C96EBD3E-48D3-4019-BFC9-1E53B1AA28F0}.Release|Any CPU.ActiveCfg = Release|Any CPU
		{C96EBD3E-48D3-4019-BFC9-1E53B1AA28F0}.Release|Any CPU.Build.0 = Release|Any CPU
		{97113185-9850-4937-8619-F7E47323260F}.Debug|Any CPU.ActiveCfg = Debug|Any CPU
		{97113185-9850-4937-8619-F7E47323260F}.Debug|Any CPU.Build.0 = Debug|Any CPU
		{97113185-9850-4937-8619-F7E47323260F}.Release|Any CPU.ActiveCfg = Release|Any CPU
		{97113185-9850-4937-8619-F7E47323260F}.Release|Any CPU.Build.0 = Release|Any CPU
		{EFCE0D9B-0FAF-4CEC-B1A4-DB3F36F54733}.Debug|Any CPU.ActiveCfg = Debug|Any CPU
		{EFCE0D9B-0FAF-4CEC-B1A4-DB3F36F54733}.Debug|Any CPU.Build.0 = Debug|Any CPU
		{EFCE0D9B-0FAF-4CEC-B1A4-DB3F36F54733}.Release|Any CPU.ActiveCfg = Release|Any CPU
		{EFCE0D9B-0FAF-4CEC-B1A4-DB3F36F54733}.Release|Any CPU.Build.0 = Release|Any CPU
		{7B9C85B3-29D2-4D83-A62D-785D052C6247}.Debug|Any CPU.ActiveCfg = Debug|Any CPU
		{7B9C85B3-29D2-4D83-A62D-785D052C6247}.Debug|Any CPU.Build.0 = Debug|Any CPU
		{7B9C85B3-29D2-4D83-A62D-785D052C6247}.Release|Any CPU.ActiveCfg = Release|Any CPU
		{7B9C85B3-29D2-4D83-A62D-785D052C6247}.Release|Any CPU.Build.0 = Release|Any CPU
		{8BF1D0D1-09A8-483E-889F-FCE2FC965CB1}.Debug|Any CPU.ActiveCfg = Debug|Any CPU
		{8BF1D0D1-09A8-483E-889F-FCE2FC965CB1}.Debug|Any CPU.Build.0 = Debug|Any CPU
		{8BF1D0D1-09A8-483E-889F-FCE2FC965CB1}.Release|Any CPU.ActiveCfg = Release|Any CPU
		{8BF1D0D1-09A8-483E-889F-FCE2FC965CB1}.Release|Any CPU.Build.0 = Release|Any CPU
		{4ABA2D23-E044-4331-AB38-762A2495F3EE}.Debug|Any CPU.ActiveCfg = Debug|Any CPU
		{4ABA2D23-E044-4331-AB38-762A2495F3EE}.Debug|Any CPU.Build.0 = Debug|Any CPU
		{4ABA2D23-E044-4331-AB38-762A2495F3EE}.Release|Any CPU.ActiveCfg = Release|Any CPU
		{4ABA2D23-E044-4331-AB38-762A2495F3EE}.Release|Any CPU.Build.0 = Release|Any CPU
		{D4FFF505-5D3F-4F57-8B28-1DF3746B2280}.Debug|Any CPU.ActiveCfg = Debug|Any CPU
		{D4FFF505-5D3F-4F57-8B28-1DF3746B2280}.Debug|Any CPU.Build.0 = Debug|Any CPU
		{D4FFF505-5D3F-4F57-8B28-1DF3746B2280}.Release|Any CPU.ActiveCfg = Release|Any CPU
		{D4FFF505-5D3F-4F57-8B28-1DF3746B2280}.Release|Any CPU.Build.0 = Release|Any CPU
		{59EE863F-EEDC-4A06-BC08-729B92241C7D}.Debug|Any CPU.ActiveCfg = Debug|Any CPU
		{59EE863F-EEDC-4A06-BC08-729B92241C7D}.Debug|Any CPU.Build.0 = Debug|Any CPU
		{59EE863F-EEDC-4A06-BC08-729B92241C7D}.Release|Any CPU.ActiveCfg = Release|Any CPU
		{59EE863F-EEDC-4A06-BC08-729B92241C7D}.Release|Any CPU.Build.0 = Release|Any CPU
		{4E521A31-30A7-4A57-B855-E1FC6F3FEAD5}.Debug|Any CPU.ActiveCfg = Debug|Any CPU
		{4E521A31-30A7-4A57-B855-E1FC6F3FEAD5}.Debug|Any CPU.Build.0 = Debug|Any CPU
		{4E521A31-30A7-4A57-B855-E1FC6F3FEAD5}.Release|Any CPU.ActiveCfg = Release|Any CPU
		{4E521A31-30A7-4A57-B855-E1FC6F3FEAD5}.Release|Any CPU.Build.0 = Release|Any CPU
		{D26F909E-2BC4-4FCA-AB02-E078BD025D51}.Debug|Any CPU.ActiveCfg = Debug|Any CPU
		{D26F909E-2BC4-4FCA-AB02-E078BD025D51}.Debug|Any CPU.Build.0 = Debug|Any CPU
		{D26F909E-2BC4-4FCA-AB02-E078BD025D51}.Release|Any CPU.ActiveCfg = Release|Any CPU
		{D26F909E-2BC4-4FCA-AB02-E078BD025D51}.Release|Any CPU.Build.0 = Release|Any CPU
	EndGlobalSection
	GlobalSection(SolutionProperties) = preSolution
		HideSolutionNode = FALSE
	EndGlobalSection
	GlobalSection(NestedProjects) = preSolution
		{787AF1D2-24CE-45A2-9FBF-094CB7899909} = {125F2C6F-5675-4F9C-B937-2A1E959DE63F}
		{A93E4A6D-7186-445E-A038-C9489494F5AA} = {787AF1D2-24CE-45A2-9FBF-094CB7899909}
		{C239FD0F-264F-4FF2-9E10-C67AB942D952} = {787AF1D2-24CE-45A2-9FBF-094CB7899909}
	EndGlobalSection
	GlobalSection(ExtensibilityGlobals) = postSolution
		SolutionGuid = {232BFA45-EA1D-4806-9AA3-07D9EAA97593}
	EndGlobalSection
EndGlobal
